// !$*UTF8*$!
{
	archiveVersion = 1;
	classes = {
	};
	objectVersion = 46;
	objects = {

/* Begin PBXBuildFile section */
		A630FFD51DF10EEA003835D5 /* GreetingsCollectionViewController.swift in Sources */ = {isa = PBXBuildFile; fileRef = A630FFD41DF10EEA003835D5 /* GreetingsCollectionViewController.swift */; };
		A6441A531DCC260700EB46D8 /* RestaurantEtiquette.swift in Sources */ = {isa = PBXBuildFile; fileRef = A6441A521DCC260700EB46D8 /* RestaurantEtiquette.swift */; };
		A6880C6F1DEE60CD008582DA /* Greetings.swift in Sources */ = {isa = PBXBuildFile; fileRef = A6880C6E1DEE60CD008582DA /* Greetings.swift */; };
		A6880C731DEE76E9008582DA /* Etiquette.swift in Sources */ = {isa = PBXBuildFile; fileRef = A6880C721DEE76E9008582DA /* Etiquette.swift */; };
		A6957DB31DB9BACE00FB0B32 /* AppDelegate.swift in Sources */ = {isa = PBXBuildFile; fileRef = A6957DB21DB9BACE00FB0B32 /* AppDelegate.swift */; };
		A6957DB51DB9BACE00FB0B32 /* ViewController.swift in Sources */ = {isa = PBXBuildFile; fileRef = A6957DB41DB9BACE00FB0B32 /* ViewController.swift */; };
		A6957DB81DB9BACE00FB0B32 /* Main.storyboard in Resources */ = {isa = PBXBuildFile; fileRef = A6957DB61DB9BACE00FB0B32 /* Main.storyboard */; };
		A6957DBA1DB9BACE00FB0B32 /* Assets.xcassets in Resources */ = {isa = PBXBuildFile; fileRef = A6957DB91DB9BACE00FB0B32 /* Assets.xcassets */; };
		A6957DBD1DB9BACE00FB0B32 /* LaunchScreen.storyboard in Resources */ = {isa = PBXBuildFile; fileRef = A6957DBB1DB9BACE00FB0B32 /* LaunchScreen.storyboard */; };
		A6957DC81DB9BACE00FB0B32 /* JapanGuideTests.swift in Sources */ = {isa = PBXBuildFile; fileRef = A6957DC71DB9BACE00FB0B32 /* JapanGuideTests.swift */; };
		A6957DD31DB9BACE00FB0B32 /* JapanGuideUITests.swift in Sources */ = {isa = PBXBuildFile; fileRef = A6957DD21DB9BACE00FB0B32 /* JapanGuideUITests.swift */; };
		A6AA6A241E2DCD390008EC54 /* Maps.swift in Sources */ = {isa = PBXBuildFile; fileRef = A6AA6A231E2DCD390008EC54 /* Maps.swift */; };
		A6D903FB1DE5385E00EEAB4B /* sound in Resources */ = {isa = PBXBuildFile; fileRef = A6D903FA1DE5385E00EEAB4B /* sound */; };
/* End PBXBuildFile section */

/* Begin PBXContainerItemProxy section */
		A6957DC41DB9BACE00FB0B32 /* PBXContainerItemProxy */ = {
			isa = PBXContainerItemProxy;
			containerPortal = A6957DA71DB9BACE00FB0B32 /* Project object */;
			proxyType = 1;
			remoteGlobalIDString = A6957DAE1DB9BACE00FB0B32;
			remoteInfo = JapanGuide;
		};
		A6957DCF1DB9BACE00FB0B32 /* PBXContainerItemProxy */ = {
			isa = PBXContainerItemProxy;
			containerPortal = A6957DA71DB9BACE00FB0B32 /* Project object */;
			proxyType = 1;
			remoteGlobalIDString = A6957DAE1DB9BACE00FB0B32;
			remoteInfo = JapanGuide;
		};
/* End PBXContainerItemProxy section */

/* Begin PBXFileReference section */
		A630FFD41DF10EEA003835D5 /* GreetingsCollectionViewController.swift */ = {isa = PBXFileReference; fileEncoding = 4; lastKnownFileType = sourcecode.swift; path = GreetingsCollectionViewController.swift; sourceTree = "<group>"; };
		A6441A521DCC260700EB46D8 /* RestaurantEtiquette.swift */ = {isa = PBXFileReference; fileEncoding = 4; lastKnownFileType = sourcecode.swift; path = RestaurantEtiquette.swift; sourceTree = "<group>"; };
		A6880C6E1DEE60CD008582DA /* Greetings.swift */ = {isa = PBXFileReference; fileEncoding = 4; lastKnownFileType = sourcecode.swift; path = Greetings.swift; sourceTree = "<group>"; };
		A6880C721DEE76E9008582DA /* Etiquette.swift */ = {isa = PBXFileReference; fileEncoding = 4; lastKnownFileType = sourcecode.swift; path = Etiquette.swift; sourceTree = "<group>"; };
		A6957DAF1DB9BACE00FB0B32 /* JapanGuide.app */ = {isa = PBXFileReference; explicitFileType = wrapper.application; includeInIndex = 0; path = JapanGuide.app; sourceTree = BUILT_PRODUCTS_DIR; };
		A6957DB21DB9BACE00FB0B32 /* AppDelegate.swift */ = {isa = PBXFileReference; lastKnownFileType = sourcecode.swift; path = AppDelegate.swift; sourceTree = "<group>"; };
		A6957DB41DB9BACE00FB0B32 /* ViewController.swift */ = {isa = PBXFileReference; lastKnownFileType = sourcecode.swift; path = ViewController.swift; sourceTree = "<group>"; };
		A6957DB71DB9BACE00FB0B32 /* Base */ = {isa = PBXFileReference; lastKnownFileType = file.storyboard; name = Base; path = Base.lproj/Main.storyboard; sourceTree = "<group>"; };
		A6957DB91DB9BACE00FB0B32 /* Assets.xcassets */ = {isa = PBXFileReference; lastKnownFileType = folder.assetcatalog; path = Assets.xcassets; sourceTree = "<group>"; };
		A6957DBC1DB9BACE00FB0B32 /* Base */ = {isa = PBXFileReference; lastKnownFileType = file.storyboard; name = Base; path = Base.lproj/LaunchScreen.storyboard; sourceTree = "<group>"; };
		A6957DBE1DB9BACE00FB0B32 /* Info.plist */ = {isa = PBXFileReference; lastKnownFileType = text.plist.xml; path = Info.plist; sourceTree = "<group>"; };
		A6957DC31DB9BACE00FB0B32 /* JapanGuideTests.xctest */ = {isa = PBXFileReference; explicitFileType = wrapper.cfbundle; includeInIndex = 0; path = JapanGuideTests.xctest; sourceTree = BUILT_PRODUCTS_DIR; };
		A6957DC71DB9BACE00FB0B32 /* JapanGuideTests.swift */ = {isa = PBXFileReference; lastKnownFileType = sourcecode.swift; path = JapanGuideTests.swift; sourceTree = "<group>"; };
		A6957DC91DB9BACE00FB0B32 /* Info.plist */ = {isa = PBXFileReference; lastKnownFileType = text.plist.xml; path = Info.plist; sourceTree = "<group>"; };
		A6957DCE1DB9BACE00FB0B32 /* JapanGuideUITests.xctest */ = {isa = PBXFileReference; explicitFileType = wrapper.cfbundle; includeInIndex = 0; path = JapanGuideUITests.xctest; sourceTree = BUILT_PRODUCTS_DIR; };
		A6957DD21DB9BACE00FB0B32 /* JapanGuideUITests.swift */ = {isa = PBXFileReference; lastKnownFileType = sourcecode.swift; path = JapanGuideUITests.swift; sourceTree = "<group>"; };
		A6957DD41DB9BACE00FB0B32 /* Info.plist */ = {isa = PBXFileReference; lastKnownFileType = text.plist.xml; path = Info.plist; sourceTree = "<group>"; };
		A6AA6A231E2DCD390008EC54 /* Maps.swift */ = {isa = PBXFileReference; fileEncoding = 4; lastKnownFileType = sourcecode.swift; path = Maps.swift; sourceTree = "<group>"; };
		A6D903FA1DE5385E00EEAB4B /* sound */ = {isa = PBXFileReference; lastKnownFileType = folder; path = sound; sourceTree = "<group>"; };
/* End PBXFileReference section */

/* Begin PBXFrameworksBuildPhase section */
		A6957DAC1DB9BACE00FB0B32 /* Frameworks */ = {
			isa = PBXFrameworksBuildPhase;
			buildActionMask = 2147483647;
			files = (
			);
			runOnlyForDeploymentPostprocessing = 0;
		};
		A6957DC01DB9BACE00FB0B32 /* Frameworks */ = {
			isa = PBXFrameworksBuildPhase;
			buildActionMask = 2147483647;
			files = (
			);
			runOnlyForDeploymentPostprocessing = 0;
		};
		A6957DCB1DB9BACE00FB0B32 /* Frameworks */ = {
			isa = PBXFrameworksBuildPhase;
			buildActionMask = 2147483647;
			files = (
			);
			runOnlyForDeploymentPostprocessing = 0;
		};
/* End PBXFrameworksBuildPhase section */

/* Begin PBXGroup section */
		A6957DA61DB9BACD00FB0B32 = {
			isa = PBXGroup;
			children = (
				A6957DB11DB9BACE00FB0B32 /* JapanGuide */,
				A6957DC61DB9BACE00FB0B32 /* JapanGuideTests */,
				A6957DD11DB9BACE00FB0B32 /* JapanGuideUITests */,
				A6957DB01DB9BACE00FB0B32 /* Products */,
			);
			sourceTree = "<group>";
		};
		A6957DB01DB9BACE00FB0B32 /* Products */ = {
			isa = PBXGroup;
			children = (
				A6957DAF1DB9BACE00FB0B32 /* JapanGuide.app */,
				A6957DC31DB9BACE00FB0B32 /* JapanGuideTests.xctest */,
				A6957DCE1DB9BACE00FB0B32 /* JapanGuideUITests.xctest */,
			);
			name = Products;
			sourceTree = "<group>";
		};
		A6957DB11DB9BACE00FB0B32 /* JapanGuide */ = {
			isa = PBXGroup;
			children = (
				A6957DB21DB9BACE00FB0B32 /* AppDelegate.swift */,
				A6957DB41DB9BACE00FB0B32 /* ViewController.swift */,
				A6957DB61DB9BACE00FB0B32 /* Main.storyboard */,
				A6AA6A231E2DCD390008EC54 /* Maps.swift */,
				A6880C721DEE76E9008582DA /* Etiquette.swift */,
				A6880C6E1DEE60CD008582DA /* Greetings.swift */,
				A6441A521DCC260700EB46D8 /* RestaurantEtiquette.swift */,
				A630FFD41DF10EEA003835D5 /* GreetingsCollectionViewController.swift */,
				A6957DB91DB9BACE00FB0B32 /* Assets.xcassets */,
				A6957DBB1DB9BACE00FB0B32 /* LaunchScreen.storyboard */,
				A6D903F91DE52F6300EEAB4B /* Supporting Files */,
			);
			path = JapanGuide;
			sourceTree = "<group>";
		};
		A6957DC61DB9BACE00FB0B32 /* JapanGuideTests */ = {
			isa = PBXGroup;
			children = (
				A6957DC71DB9BACE00FB0B32 /* JapanGuideTests.swift */,
				A6957DC91DB9BACE00FB0B32 /* Info.plist */,
			);
			path = JapanGuideTests;
			sourceTree = "<group>";
		};
		A6957DD11DB9BACE00FB0B32 /* JapanGuideUITests */ = {
			isa = PBXGroup;
			children = (
				A6957DD21DB9BACE00FB0B32 /* JapanGuideUITests.swift */,
				A6957DD41DB9BACE00FB0B32 /* Info.plist */,
			);
			path = JapanGuideUITests;
			sourceTree = "<group>";
		};
		A6D903F91DE52F6300EEAB4B /* Supporting Files */ = {
			isa = PBXGroup;
			children = (
				A6D903FA1DE5385E00EEAB4B /* sound */,
				A6957DBE1DB9BACE00FB0B32 /* Info.plist */,
			);
			name = "Supporting Files";
			sourceTree = "<group>";
		};
/* End PBXGroup section */

/* Begin PBXNativeTarget section */
		A6957DAE1DB9BACE00FB0B32 /* JapanGuide */ = {
			isa = PBXNativeTarget;
			buildConfigurationList = A6957DD71DB9BACE00FB0B32 /* Build configuration list for PBXNativeTarget "JapanGuide" */;
			buildPhases = (
				A6957DAB1DB9BACE00FB0B32 /* Sources */,
				A6957DAC1DB9BACE00FB0B32 /* Frameworks */,
				A6957DAD1DB9BACE00FB0B32 /* Resources */,
			);
			buildRules = (
			);
			dependencies = (
			);
			name = JapanGuide;
			productName = JapanGuide;
			productReference = A6957DAF1DB9BACE00FB0B32 /* JapanGuide.app */;
			productType = "com.apple.product-type.application";
		};
		A6957DC21DB9BACE00FB0B32 /* JapanGuideTests */ = {
			isa = PBXNativeTarget;
			buildConfigurationList = A6957DDA1DB9BACE00FB0B32 /* Build configuration list for PBXNativeTarget "JapanGuideTests" */;
			buildPhases = (
				A6957DBF1DB9BACE00FB0B32 /* Sources */,
				A6957DC01DB9BACE00FB0B32 /* Frameworks */,
				A6957DC11DB9BACE00FB0B32 /* Resources */,
			);
			buildRules = (
			);
			dependencies = (
				A6957DC51DB9BACE00FB0B32 /* PBXTargetDependency */,
			);
			name = JapanGuideTests;
			productName = JapanGuideTests;
			productReference = A6957DC31DB9BACE00FB0B32 /* JapanGuideTests.xctest */;
			productType = "com.apple.product-type.bundle.unit-test";
		};
		A6957DCD1DB9BACE00FB0B32 /* JapanGuideUITests */ = {
			isa = PBXNativeTarget;
			buildConfigurationList = A6957DDD1DB9BACE00FB0B32 /* Build configuration list for PBXNativeTarget "JapanGuideUITests" */;
			buildPhases = (
				A6957DCA1DB9BACE00FB0B32 /* Sources */,
				A6957DCB1DB9BACE00FB0B32 /* Frameworks */,
				A6957DCC1DB9BACE00FB0B32 /* Resources */,
			);
			buildRules = (
			);
			dependencies = (
				A6957DD01DB9BACE00FB0B32 /* PBXTargetDependency */,
			);
			name = JapanGuideUITests;
			productName = JapanGuideUITests;
			productReference = A6957DCE1DB9BACE00FB0B32 /* JapanGuideUITests.xctest */;
			productType = "com.apple.product-type.bundle.ui-testing";
		};
/* End PBXNativeTarget section */

/* Begin PBXProject section */
		A6957DA71DB9BACE00FB0B32 /* Project object */ = {
			isa = PBXProject;
			attributes = {
				LastSwiftUpdateCheck = 0720;
				LastUpgradeCheck = 0720;
				ORGANIZATIONNAME = SFC;
				TargetAttributes = {
					A6957DAE1DB9BACE00FB0B32 = {
						CreatedOnToolsVersion = 7.2;
						DevelopmentTeam = R393YSTXMM;
					};
					A6957DC21DB9BACE00FB0B32 = {
						CreatedOnToolsVersion = 7.2;
						DevelopmentTeam = R393YSTXMM;
						TestTargetID = A6957DAE1DB9BACE00FB0B32;
					};
					A6957DCD1DB9BACE00FB0B32 = {
						CreatedOnToolsVersion = 7.2;
						DevelopmentTeam = R393YSTXMM;
						TestTargetID = A6957DAE1DB9BACE00FB0B32;
					};
				};
			};
			buildConfigurationList = A6957DAA1DB9BACE00FB0B32 /* Build configuration list for PBXProject "JapanGuide" */;
			compatibilityVersion = "Xcode 3.2";
			developmentRegion = English;
			hasScannedForEncodings = 0;
			knownRegions = (
				en,
				Base,
			);
			mainGroup = A6957DA61DB9BACD00FB0B32;
			productRefGroup = A6957DB01DB9BACE00FB0B32 /* Products */;
			projectDirPath = "";
			projectRoot = "";
			targets = (
				A6957DAE1DB9BACE00FB0B32 /* JapanGuide */,
				A6957DC21DB9BACE00FB0B32 /* JapanGuideTests */,
				A6957DCD1DB9BACE00FB0B32 /* JapanGuideUITests */,
			);
		};
/* End PBXProject section */

/* Begin PBXResourcesBuildPhase section */
		A6957DAD1DB9BACE00FB0B32 /* Resources */ = {
			isa = PBXResourcesBuildPhase;
			buildActionMask = 2147483647;
			files = (
				A6957DBD1DB9BACE00FB0B32 /* LaunchScreen.storyboard in Resources */,
				A6957DBA1DB9BACE00FB0B32 /* Assets.xcassets in Resources */,
				A6D903FB1DE5385E00EEAB4B /* sound in Resources */,
				A6957DB81DB9BACE00FB0B32 /* Main.storyboard in Resources */,
			);
			runOnlyForDeploymentPostprocessing = 0;
		};
		A6957DC11DB9BACE00FB0B32 /* Resources */ = {
			isa = PBXResourcesBuildPhase;
			buildActionMask = 2147483647;
			files = (
			);
			runOnlyForDeploymentPostprocessing = 0;
		};
		A6957DCC1DB9BACE00FB0B32 /* Resources */ = {
			isa = PBXResourcesBuildPhase;
			buildActionMask = 2147483647;
			files = (
			);
			runOnlyForDeploymentPostprocessing = 0;
		};
/* End PBXResourcesBuildPhase section */

/* Begin PBXSourcesBuildPhase section */
		A6957DAB1DB9BACE00FB0B32 /* Sources */ = {
			isa = PBXSourcesBuildPhase;
			buildActionMask = 2147483647;
			files = (
				A6880C6F1DEE60CD008582DA /* Greetings.swift in Sources */,
				A6957DB51DB9BACE00FB0B32 /* ViewController.swift in Sources */,
				A6AA6A241E2DCD390008EC54 /* Maps.swift in Sources */,
				A6441A531DCC260700EB46D8 /* RestaurantEtiquette.swift in Sources */,
				A6880C731DEE76E9008582DA /* Etiquette.swift in Sources */,
				A6957DB31DB9BACE00FB0B32 /* AppDelegate.swift in Sources */,
				A630FFD51DF10EEA003835D5 /* GreetingsCollectionViewController.swift in Sources */,
			);
			runOnlyForDeploymentPostprocessing = 0;
		};
		A6957DBF1DB9BACE00FB0B32 /* Sources */ = {
			isa = PBXSourcesBuildPhase;
			buildActionMask = 2147483647;
			files = (
				A6957DC81DB9BACE00FB0B32 /* JapanGuideTests.swift in Sources */,
			);
			runOnlyForDeploymentPostprocessing = 0;
		};
		A6957DCA1DB9BACE00FB0B32 /* Sources */ = {
			isa = PBXSourcesBuildPhase;
			buildActionMask = 2147483647;
			files = (
				A6957DD31DB9BACE00FB0B32 /* JapanGuideUITests.swift in Sources */,
			);
			runOnlyForDeploymentPostprocessing = 0;
		};
/* End PBXSourcesBuildPhase section */

/* Begin PBXTargetDependency section */
		A6957DC51DB9BACE00FB0B32 /* PBXTargetDependency */ = {
			isa = PBXTargetDependency;
			target = A6957DAE1DB9BACE00FB0B32 /* JapanGuide */;
			targetProxy = A6957DC41DB9BACE00FB0B32 /* PBXContainerItemProxy */;
		};
		A6957DD01DB9BACE00FB0B32 /* PBXTargetDependency */ = {
			isa = PBXTargetDependency;
			target = A6957DAE1DB9BACE00FB0B32 /* JapanGuide */;
			targetProxy = A6957DCF1DB9BACE00FB0B32 /* PBXContainerItemProxy */;
		};
/* End PBXTargetDependency section */

/* Begin PBXVariantGroup section */
		A6957DB61DB9BACE00FB0B32 /* Main.storyboard */ = {
			isa = PBXVariantGroup;
			children = (
				A6957DB71DB9BACE00FB0B32 /* Base */,
			);
			name = Main.storyboard;
			sourceTree = "<group>";
		};
		A6957DBB1DB9BACE00FB0B32 /* LaunchScreen.storyboard */ = {
			isa = PBXVariantGroup;
			children = (
				A6957DBC1DB9BACE00FB0B32 /* Base */,
			);
			name = LaunchScreen.storyboard;
			sourceTree = "<group>";
		};
/* End PBXVariantGroup section */

/* Begin XCBuildConfiguration section */
		A6957DD51DB9BACE00FB0B32 /* Debug */ = {
			isa = XCBuildConfiguration;
			buildSettings = {
				ALWAYS_SEARCH_USER_PATHS = NO;
				CLANG_CXX_LANGUAGE_STANDARD = "gnu++0x";
				CLANG_CXX_LIBRARY = "libc++";
				CLANG_ENABLE_MODULES = YES;
				CLANG_ENABLE_OBJC_ARC = YES;
				CLANG_WARN_BOOL_CONVERSION = YES;
				CLANG_WARN_CONSTANT_CONVERSION = YES;
				CLANG_WARN_DIRECT_OBJC_ISA_USAGE = YES_ERROR;
				CLANG_WARN_EMPTY_BODY = YES;
				CLANG_WARN_ENUM_CONVERSION = YES;
				CLANG_WARN_INT_CONVERSION = YES;
				CLANG_WARN_OBJC_ROOT_CLASS = YES_ERROR;
				CLANG_WARN_UNREACHABLE_CODE = YES;
				CLANG_WARN__DUPLICATE_METHOD_MATCH = YES;
				"CODE_SIGN_IDENTITY[sdk=iphoneos*]" = "iPhone Developer";
				COPY_PHASE_STRIP = NO;
				DEBUG_INFORMATION_FORMAT = dwarf;
				ENABLE_STRICT_OBJC_MSGSEND = YES;
				ENABLE_TESTABILITY = YES;
				GCC_C_LANGUAGE_STANDARD = gnu99;
				GCC_DYNAMIC_NO_PIC = NO;
				GCC_NO_COMMON_BLOCKS = YES;
				GCC_OPTIMIZATION_LEVEL = 0;
				GCC_PREPROCESSOR_DEFINITIONS = (
					"DEBUG=1",
					"$(inherited)",
				);
				GCC_WARN_64_TO_32_BIT_CONVERSION = YES;
				GCC_WARN_ABOUT_RETURN_TYPE = YES_ERROR;
				GCC_WARN_UNDECLARED_SELECTOR = YES;
				GCC_WARN_UNINITIALIZED_AUTOS = YES_AGGRESSIVE;
				GCC_WARN_UNUSED_FUNCTION = YES;
				GCC_WARN_UNUSED_VARIABLE = YES;
				IPHONEOS_DEPLOYMENT_TARGET = 9.2;
				MTL_ENABLE_DEBUG_INFO = YES;
				ONLY_ACTIVE_ARCH = YES;
				SDKROOT = iphoneos;
				SWIFT_OPTIMIZATION_LEVEL = "-Onone";
				TARGETED_DEVICE_FAMILY = "1,2";
			};
			name = Debug;
		};
		A6957DD61DB9BACE00FB0B32 /* Release */ = {
			isa = XCBuildConfiguration;
			buildSettings = {
				ALWAYS_SEARCH_USER_PATHS = NO;
				CLANG_CXX_LANGUAGE_STANDARD = "gnu++0x";
				CLANG_CXX_LIBRARY = "libc++";
				CLANG_ENABLE_MODULES = YES;
				CLANG_ENABLE_OBJC_ARC = YES;
				CLANG_WARN_BOOL_CONVERSION = YES;
				CLANG_WARN_CONSTANT_CONVERSION = YES;
				CLANG_WARN_DIRECT_OBJC_ISA_USAGE = YES_ERROR;
				CLANG_WARN_EMPTY_BODY = YES;
				CLANG_WARN_ENUM_CONVERSION = YES;
				CLANG_WARN_INT_CONVERSION = YES;
				CLANG_WARN_OBJC_ROOT_CLASS = YES_ERROR;
				CLANG_WARN_UNREACHABLE_CODE = YES;
				CLANG_WARN__DUPLICATE_METHOD_MATCH = YES;
				"CODE_SIGN_IDENTITY[sdk=iphoneos*]" = "iPhone Developer";
				COPY_PHASE_STRIP = NO;
				DEBUG_INFORMATION_FORMAT = "dwarf-with-dsym";
				ENABLE_NS_ASSERTIONS = NO;
				ENABLE_STRICT_OBJC_MSGSEND = YES;
				GCC_C_LANGUAGE_STANDARD = gnu99;
				GCC_NO_COMMON_BLOCKS = YES;
				GCC_WARN_64_TO_32_BIT_CONVERSION = YES;
				GCC_WARN_ABOUT_RETURN_TYPE = YES_ERROR;
				GCC_WARN_UNDECLARED_SELECTOR = YES;
				GCC_WARN_UNINITIALIZED_AUTOS = YES_AGGRESSIVE;
				GCC_WARN_UNUSED_FUNCTION = YES;
				GCC_WARN_UNUSED_VARIABLE = YES;
				IPHONEOS_DEPLOYMENT_TARGET = 9.2;
				MTL_ENABLE_DEBUG_INFO = NO;
				SDKROOT = iphoneos;
				TARGETED_DEVICE_FAMILY = "1,2";
				VALIDATE_PRODUCT = YES;
			};
			name = Release;
		};
		A6957DD81DB9BACE00FB0B32 /* Debug */ = {
			isa = XCBuildConfiguration;
			buildSettings = {
				ASSETCATALOG_COMPILER_APPICON_NAME = AppIcon;
				INFOPLIST_FILE = JapanGuide/Info.plist;
				LD_RUNPATH_SEARCH_PATHS = "$(inherited) @executable_path/Frameworks";
				PRODUCT_BUNDLE_IDENTIFIER = SFC.JapanGuide;
				PRODUCT_NAME = "$(TARGET_NAME)";
			};
			name = Debug;
		};
		A6957DD91DB9BACE00FB0B32 /* Release */ = {
			isa = XCBuildConfiguration;
			buildSettings = {
				ASSETCATALOG_COMPILER_APPICON_NAME = AppIcon;
				INFOPLIST_FILE = JapanGuide/Info.plist;
				LD_RUNPATH_SEARCH_PATHS = "$(inherited) @executable_path/Frameworks";
				PRODUCT_BUNDLE_IDENTIFIER = SFC.JapanGuide;
				PRODUCT_NAME = "$(TARGET_NAME)";
			};
			name = Release;
		};
		A6957DDB1DB9BACE00FB0B32 /* Debug */ = {
			isa = XCBuildConfiguration;
			buildSettings = {
				BUNDLE_LOADER = "$(TEST_HOST)";
				INFOPLIST_FILE = JapanGuideTests/Info.plist;
				LD_RUNPATH_SEARCH_PATHS = "$(inherited) @executable_path/Frameworks @loader_path/Frameworks";
				PRODUCT_BUNDLE_IDENTIFIER = SFC.JapanGuideTests;
				PRODUCT_NAME = "$(TARGET_NAME)";
				TEST_HOST = "$(BUILT_PRODUCTS_DIR)/JapanGuide.app/JapanGuide";
			};
			name = Debug;
		};
		A6957DDC1DB9BACE00FB0B32 /* Release */ = {
			isa = XCBuildConfiguration;
			buildSettings = {
				BUNDLE_LOADER = "$(TEST_HOST)";
				INFOPLIST_FILE = JapanGuideTests/Info.plist;
				LD_RUNPATH_SEARCH_PATHS = "$(inherited) @executable_path/Frameworks @loader_path/Frameworks";
				PRODUCT_BUNDLE_IDENTIFIER = SFC.JapanGuideTests;
				PRODUCT_NAME = "$(TARGET_NAME)";
				TEST_HOST = "$(BUILT_PRODUCTS_DIR)/JapanGuide.app/JapanGuide";
			};
			name = Release;
		};
		A6957DDE1DB9BACE00FB0B32 /* Debug */ = {
			isa = XCBuildConfiguration;
			buildSettings = {
				INFOPLIST_FILE = JapanGuideUITests/Info.plist;
				LD_RUNPATH_SEARCH_PATHS = "$(inherited) @executable_path/Frameworks @loader_path/Frameworks";
				PRODUCT_BUNDLE_IDENTIFIER = SFC.JapanGuideUITests;
				PRODUCT_NAME = "$(TARGET_NAME)";
				TEST_TARGET_NAME = JapanGuide;
				USES_XCTRUNNER = YES;
			};
			name = Debug;
		};
		A6957DDF1DB9BACE00FB0B32 /* Release */ = {
			isa = XCBuildConfiguration;
			buildSettings = {
				INFOPLIST_FILE = JapanGuideUITests/Info.plist;
				LD_RUNPATH_SEARCH_PATHS = "$(inherited) @executable_path/Frameworks @loader_path/Frameworks";
				PRODUCT_BUNDLE_IDENTIFIER = SFC.JapanGuideUITests;
				PRODUCT_NAME = "$(TARGET_NAME)";
				TEST_TARGET_NAME = JapanGuide;
				USES_XCTRUNNER = YES;
			};
			name = Release;
		};
/* End XCBuildConfiguration section */

/* Begin XCConfigurationList section */
		A6957DAA1DB9BACE00FB0B32 /* Build configuration list for PBXProject "JapanGuide" */ = {
			isa = XCConfigurationList;
			buildConfigurations = (
				A6957DD51DB9BACE00FB0B32 /* Debug */,
				A6957DD61DB9BACE00FB0B32 /* Release */,
			);
			defaultConfigurationIsVisible = 0;
			defaultConfigurationName = Release;
		};
		A6957DD71DB9BACE00FB0B32 /* Build configuration list for PBXNativeTarget "JapanGuide" */ = {
			isa = XCConfigurationList;
			buildConfigurations = (
				A6957DD81DB9BACE00FB0B32 /* Debug */,
				A6957DD91DB9BACE00FB0B32 /* Release */,
			);
			defaultConfigurationIsVisible = 0;
			defaultConfigurationName = Release;
		};
		A6957DDA1DB9BACE00FB0B32 /* Build configuration list for PBXNativeTarget "JapanGuideTests" */ = {
			isa = XCConfigurationList;
			buildConfigurations = (
				A6957DDB1DB9BACE00FB0B32 /* Debug */,
				A6957DDC1DB9BACE00FB0B32 /* Release */,
			);
			defaultConfigurationIsVisible = 0;
			defaultConfigurationName = Release;
		};
		A6957DDD1DB9BACE00FB0B32 /* Build configuration list for PBXNativeTarget "JapanGuideUITests" */ = {
			isa = XCConfigurationList;
			buildConfigurations = (
				A6957DDE1DB9BACE00FB0B32 /* Debug */,
				A6957DDF1DB9BACE00FB0B32 /* Release */,
			);
			defaultConfigurationIsVisible = 0;
			defaultConfigurationName = Release;
		};
/* End XCConfigurationList section */
	};
	rootObject = A6957DA71DB9BACE00FB0B32 /* Project object */;
}
